// !$*UTF8*$!
{
	archiveVersion = 1;
	classes = {
	};
	objectVersion = 46;
	objects = {

/* Begin PBXBuildFile section */
		679E77A31A0AB37C00B7B1BB /* AppDelegate.swift in Sources */ = {isa = PBXBuildFile; fileRef = 679E77A21A0AB37C00B7B1BB /* AppDelegate.swift */; };
		679E77A61A0AB37C00B7B1BB /* SwiftCommon.xcdatamodeld in Sources */ = {isa = PBXBuildFile; fileRef = 679E77A41A0AB37C00B7B1BB /* SwiftCommon.xcdatamodeld */; };
		679E77A81A0AB37C00B7B1BB /* ViewController.swift in Sources */ = {isa = PBXBuildFile; fileRef = 679E77A71A0AB37C00B7B1BB /* ViewController.swift */; };
		679E77AB1A0AB37C00B7B1BB /* Main.storyboard in Resources */ = {isa = PBXBuildFile; fileRef = 679E77A91A0AB37C00B7B1BB /* Main.storyboard */; };
		679E77AD1A0AB37C00B7B1BB /* Images.xcassets in Resources */ = {isa = PBXBuildFile; fileRef = 679E77AC1A0AB37C00B7B1BB /* Images.xcassets */; };
		679E77B01A0AB37C00B7B1BB /* LaunchScreen.xib in Resources */ = {isa = PBXBuildFile; fileRef = 679E77AE1A0AB37C00B7B1BB /* LaunchScreen.xib */; };
		679E77BC1A0AB37C00B7B1BB /* SwiftCommonTests.swift in Sources */ = {isa = PBXBuildFile; fileRef = 679E77BB1A0AB37C00B7B1BB /* SwiftCommonTests.swift */; };
/* End PBXBuildFile section */

/* Begin PBXContainerItemProxy section */
		679E77B61A0AB37C00B7B1BB /* PBXContainerItemProxy */ = {
			isa = PBXContainerItemProxy;
			containerPortal = 679E77951A0AB37C00B7B1BB /* Project object */;
			proxyType = 1;
			remoteGlobalIDString = 679E779C1A0AB37C00B7B1BB;
			remoteInfo = SwiftCommon;
		};
/* End PBXContainerItemProxy section */

/* Begin PBXFileReference section */
		679E779D1A0AB37C00B7B1BB /* SwiftCommon.app */ = {isa = PBXFileReference; explicitFileType = wrapper.application; includeInIndex = 0; path = SwiftCommon.app; sourceTree = BUILT_PRODUCTS_DIR; };
		679E77A11A0AB37C00B7B1BB /* Info.plist */ = {isa = PBXFileReference; lastKnownFileType = text.plist.xml; path = Info.plist; sourceTree = "<group>"; };
		679E77A21A0AB37C00B7B1BB /* AppDelegate.swift */ = {isa = PBXFileReference; lastKnownFileType = sourcecode.swift; path = AppDelegate.swift; sourceTree = "<group>"; };
		679E77A51A0AB37C00B7B1BB /* SwiftCommon.xcdatamodel */ = {isa = PBXFileReference; lastKnownFileType = wrapper.xcdatamodel; path = SwiftCommon.xcdatamodel; sourceTree = "<group>"; };
		679E77A71A0AB37C00B7B1BB /* ViewController.swift */ = {isa = PBXFileReference; lastKnownFileType = sourcecode.swift; path = ViewController.swift; sourceTree = "<group>"; };
		679E77AA1A0AB37C00B7B1BB /* Base */ = {isa = PBXFileReference; lastKnownFileType = file.storyboard; name = Base; path = Base.lproj/Main.storyboard; sourceTree = "<group>"; };
		679E77AC1A0AB37C00B7B1BB /* Images.xcassets */ = {isa = PBXFileReference; lastKnownFileType = folder.assetcatalog; path = Images.xcassets; sourceTree = "<group>"; };
		679E77AF1A0AB37C00B7B1BB /* Base */ = {isa = PBXFileReference; lastKnownFileType = file.xib; name = Base; path = Base.lproj/LaunchScreen.xib; sourceTree = "<group>"; };
		679E77B51A0AB37C00B7B1BB /* SwiftCommonTests.xctest */ = {isa = PBXFileReference; explicitFileType = wrapper.cfbundle; includeInIndex = 0; path = SwiftCommonTests.xctest; sourceTree = BUILT_PRODUCTS_DIR; };
		679E77BA1A0AB37C00B7B1BB /* Info.plist */ = {isa = PBXFileReference; lastKnownFileType = text.plist.xml; path = Info.plist; sourceTree = "<group>"; };
		679E77BB1A0AB37C00B7B1BB /* SwiftCommonTests.swift */ = {isa = PBXFileReference; lastKnownFileType = sourcecode.swift; path = SwiftCommonTests.swift; sourceTree = "<group>"; };
/* End PBXFileReference section */

/* Begin PBXFrameworksBuildPhase section */
		679E779A1A0AB37C00B7B1BB /* Frameworks */ = {
			isa = PBXFrameworksBuildPhase;
			buildActionMask = 2147483647;
			files = (
			);
			runOnlyForDeploymentPostprocessing = 0;
		};
		679E77B21A0AB37C00B7B1BB /* Frameworks */ = {
			isa = PBXFrameworksBuildPhase;
			buildActionMask = 2147483647;
			files = (
			);
			runOnlyForDeploymentPostprocessing = 0;
		};
/* End PBXFrameworksBuildPhase section */

/* Begin PBXGroup section */
		679E77941A0AB37C00B7B1BB = {
			isa = PBXGroup;
			children = (
				679E779F1A0AB37C00B7B1BB /* SwiftCommon */,
				679E77B81A0AB37C00B7B1BB /* SwiftCommonTests */,
				679E779E1A0AB37C00B7B1BB /* Products */,
			);
			sourceTree = "<group>";
		};
		679E779E1A0AB37C00B7B1BB /* Products */ = {
			isa = PBXGroup;
			children = (
				679E779D1A0AB37C00B7B1BB /* SwiftCommon.app */,
				679E77B51A0AB37C00B7B1BB /* SwiftCommonTests.xctest */,
			);
			name = Products;
			sourceTree = "<group>";
		};
		679E779F1A0AB37C00B7B1BB /* SwiftCommon */ = {
			isa = PBXGroup;
			children = (
				679E77A21A0AB37C00B7B1BB /* AppDelegate.swift */,
				679E77A71A0AB37C00B7B1BB /* ViewController.swift */,
				679E77A91A0AB37C00B7B1BB /* Main.storyboard */,
				679E77AC1A0AB37C00B7B1BB /* Images.xcassets */,
				679E77AE1A0AB37C00B7B1BB /* LaunchScreen.xib */,
				679E77A41A0AB37C00B7B1BB /* SwiftCommon.xcdatamodeld */,
				679E77C51A0AB39100B7B1BB /* Extensions */,
				679E77A01A0AB37C00B7B1BB /* Supporting Files */,
			);
			path = SwiftCommon;
			sourceTree = "<group>";
		};
		679E77A01A0AB37C00B7B1BB /* Supporting Files */ = {
			isa = PBXGroup;
			children = (
				679E77A11A0AB37C00B7B1BB /* Info.plist */,
			);
			name = "Supporting Files";
			sourceTree = "<group>";
		};
		679E77B81A0AB37C00B7B1BB /* SwiftCommonTests */ = {
			isa = PBXGroup;
			children = (
				679E77BB1A0AB37C00B7B1BB /* SwiftCommonTests.swift */,
				679E77B91A0AB37C00B7B1BB /* Supporting Files */,
			);
			path = SwiftCommonTests;
			sourceTree = "<group>";
		};
		679E77B91A0AB37C00B7B1BB /* Supporting Files */ = {
			isa = PBXGroup;
			children = (
				679E77BA1A0AB37C00B7B1BB /* Info.plist */,
			);
			name = "Supporting Files";
			sourceTree = "<group>";
		};
		679E77C51A0AB39100B7B1BB /* Extensions */ = {
			isa = PBXGroup;
			children = (
			);
			name = Extensions;
			sourceTree = "<group>";
		};
/* End PBXGroup section */

/* Begin PBXNativeTarget section */
		679E779C1A0AB37C00B7B1BB /* SwiftCommon */ = {
			isa = PBXNativeTarget;
			buildConfigurationList = 679E77BF1A0AB37C00B7B1BB /* Build configuration list for PBXNativeTarget "SwiftCommon" */;
			buildPhases = (
				679E77991A0AB37C00B7B1BB /* Sources */,
				679E779A1A0AB37C00B7B1BB /* Frameworks */,
				679E779B1A0AB37C00B7B1BB /* Resources */,
			);
			buildRules = (
			);
			dependencies = (
			);
			name = SwiftCommon;
			productName = SwiftCommon;
			productReference = 679E779D1A0AB37C00B7B1BB /* SwiftCommon.app */;
			productType = "com.apple.product-type.application";
		};
		679E77B41A0AB37C00B7B1BB /* SwiftCommonTests */ = {
			isa = PBXNativeTarget;
			buildConfigurationList = 679E77C21A0AB37C00B7B1BB /* Build configuration list for PBXNativeTarget "SwiftCommonTests" */;
			buildPhases = (
				679E77B11A0AB37C00B7B1BB /* Sources */,
				679E77B21A0AB37C00B7B1BB /* Frameworks */,
				679E77B31A0AB37C00B7B1BB /* Resources */,
			);
			buildRules = (
			);
			dependencies = (
				679E77B71A0AB37C00B7B1BB /* PBXTargetDependency */,
			);
			name = SwiftCommonTests;
			productName = SwiftCommonTests;
			productReference = 679E77B51A0AB37C00B7B1BB /* SwiftCommonTests.xctest */;
			productType = "com.apple.product-type.bundle.unit-test";
		};
/* End PBXNativeTarget section */

/* Begin PBXProject section */
		679E77951A0AB37C00B7B1BB /* Project object */ = {
			isa = PBXProject;
			attributes = {
				LastUpgradeCheck = 0610;
				ORGANIZATIONNAME = RIDGID;
				TargetAttributes = {
					679E779C1A0AB37C00B7B1BB = {
						CreatedOnToolsVersion = 6.1;
					};
					679E77B41A0AB37C00B7B1BB = {
						CreatedOnToolsVersion = 6.1;
						TestTargetID = 679E779C1A0AB37C00B7B1BB;
					};
				};
			};
			buildConfigurationList = 679E77981A0AB37C00B7B1BB /* Build configuration list for PBXProject "SwiftCommon" */;
			compatibilityVersion = "Xcode 3.2";
			developmentRegion = English;
			hasScannedForEncodings = 0;
			knownRegions = (
				en,
				Base,
			);
			mainGroup = 679E77941A0AB37C00B7B1BB;
			productRefGroup = 679E779E1A0AB37C00B7B1BB /* Products */;
			projectDirPath = "";
			projectRoot = "";
			targets = (
				679E779C1A0AB37C00B7B1BB /* SwiftCommon */,
				679E77B41A0AB37C00B7B1BB /* SwiftCommonTests */,
			);
		};
/* End PBXProject section */

/* Begin PBXResourcesBuildPhase section */
		679E779B1A0AB37C00B7B1BB /* Resources */ = {
			isa = PBXResourcesBuildPhase;
			buildActionMask = 2147483647;
			files = (
				679E77AB1A0AB37C00B7B1BB /* Main.storyboard in Resources */,
				679E77B01A0AB37C00B7B1BB /* LaunchScreen.xib in Resources */,
				679E77AD1A0AB37C00B7B1BB /* Images.xcassets in Resources */,
			);
			runOnlyForDeploymentPostprocessing = 0;
		};
		679E77B31A0AB37C00B7B1BB /* Resources */ = {
			isa = PBXResourcesBuildPhase;
			buildActionMask = 2147483647;
			files = (
			);
			runOnlyForDeploymentPostprocessing = 0;
		};
/* End PBXResourcesBuildPhase section */

/* Begin PBXSourcesBuildPhase section */
		679E77991A0AB37C00B7B1BB /* Sources */ = {
			isa = PBXSourcesBuildPhase;
			buildActionMask = 2147483647;
			files = (
				679E77A81A0AB37C00B7B1BB /* ViewController.swift in Sources */,
				679E77A61A0AB37C00B7B1BB /* SwiftCommon.xcdatamodeld in Sources */,
				679E77A31A0AB37C00B7B1BB /* AppDelegate.swift in Sources */,
			);
			runOnlyForDeploymentPostprocessing = 0;
		};
		679E77B11A0AB37C00B7B1BB /* Sources */ = {
			isa = PBXSourcesBuildPhase;
			buildActionMask = 2147483647;
			files = (
				679E77BC1A0AB37C00B7B1BB /* SwiftCommonTests.swift in Sources */,
			);
			runOnlyForDeploymentPostprocessing = 0;
		};
/* End PBXSourcesBuildPhase section */

/* Begin PBXTargetDependency section */
		679E77B71A0AB37C00B7B1BB /* PBXTargetDependency */ = {
			isa = PBXTargetDependency;
			target = 679E779C1A0AB37C00B7B1BB /* SwiftCommon */;
			targetProxy = 679E77B61A0AB37C00B7B1BB /* PBXContainerItemProxy */;
		};
/* End PBXTargetDependency section */

/* Begin PBXVariantGroup section */
		679E77A91A0AB37C00B7B1BB /* Main.storyboard */ = {
			isa = PBXVariantGroup;
			children = (
				679E77AA1A0AB37C00B7B1BB /* Base */,
			);
			name = Main.storyboard;
			sourceTree = "<group>";
		};
		679E77AE1A0AB37C00B7B1BB /* LaunchScreen.xib */ = {
			isa = PBXVariantGroup;
			children = (
				679E77AF1A0AB37C00B7B1BB /* Base */,
			);
			name = LaunchScreen.xib;
			sourceTree = "<group>";
		};
/* End PBXVariantGroup section */

/* Begin XCBuildConfiguration section */
		679E77BD1A0AB37C00B7B1BB /* Debug */ = {
			isa = XCBuildConfiguration;
			buildSettings = {
				ALWAYS_SEARCH_USER_PATHS = NO;
				CLANG_CXX_LANGUAGE_STANDARD = "gnu++0x";
				CLANG_CXX_LIBRARY = "libc++";
				CLANG_ENABLE_MODULES = YES;
				CLANG_ENABLE_OBJC_ARC = YES;
				CLANG_WARN_BOOL_CONVERSION = YES;
				CLANG_WARN_CONSTANT_CONVERSION = YES;
				CLANG_WARN_DIRECT_OBJC_ISA_USAGE = YES_ERROR;
				CLANG_WARN_EMPTY_BODY = YES;
				CLANG_WARN_ENUM_CONVERSION = YES;
				CLANG_WARN_INT_CONVERSION = YES;
				CLANG_WARN_OBJC_ROOT_CLASS = YES_ERROR;
				CLANG_WARN_UNREACHABLE_CODE = YES;
				CLANG_WARN__DUPLICATE_METHOD_MATCH = YES;
				"CODE_SIGN_IDENTITY[sdk=iphoneos*]" = "iPhone Developer";
				COPY_PHASE_STRIP = NO;
				ENABLE_STRICT_OBJC_MSGSEND = YES;
				GCC_C_LANGUAGE_STANDARD = gnu99;
				GCC_DYNAMIC_NO_PIC = NO;
				GCC_OPTIMIZATION_LEVEL = 0;
				GCC_PREPROCESSOR_DEFINITIONS = (
					"DEBUG=1",
					"$(inherited)",
				);
				GCC_SYMBOLS_PRIVATE_EXTERN = NO;
				GCC_WARN_64_TO_32_BIT_CONVERSION = YES;
				GCC_WARN_ABOUT_RETURN_TYPE = YES_ERROR;
				GCC_WARN_UNDECLARED_SELECTOR = YES;
				GCC_WARN_UNINITIALIZED_AUTOS = YES_AGGRESSIVE;
				GCC_WARN_UNUSED_FUNCTION = YES;
				GCC_WARN_UNUSED_VARIABLE = YES;
				IPHONEOS_DEPLOYMENT_TARGET = 8.1;
				MTL_ENABLE_DEBUG_INFO = YES;
				ONLY_ACTIVE_ARCH = YES;
				SDKROOT = iphoneos;
				SWIFT_OPTIMIZATION_LEVEL = "-Onone";
				TARGETED_DEVICE_FAMILY = "1,2";
			};
			name = Debug;
		};
		679E77BE1A0AB37C00B7B1BB /* Release */ = {
			isa = XCBuildConfiguration;
			buildSettings = {
				ALWAYS_SEARCH_USER_PATHS = NO;
				CLANG_CXX_LANGUAGE_STANDARD = "gnu++0x";
				CLANG_CXX_LIBRARY = "libc++";
				CLANG_ENABLE_MODULES = YES;
				CLANG_ENABLE_OBJC_ARC = YES;
				CLANG_WARN_BOOL_CONVERSION = YES;
				CLANG_WARN_CONSTANT_CONVERSION = YES;
				CLANG_WARN_DIRECT_OBJC_ISA_USAGE = YES_ERROR;
				CLANG_WARN_EMPTY_BODY = YES;
				CLANG_WARN_ENUM_CONVERSION = YES;
				CLANG_WARN_INT_CONVERSION = YES;
				CLANG_WARN_OBJC_ROOT_CLASS = YES_ERROR;
				CLANG_WARN_UNREACHABLE_CODE = YES;
				CLANG_WARN__DUPLICATE_METHOD_MATCH = YES;
				"CODE_SIGN_IDENTITY[sdk=iphoneos*]" = "iPhone Developer";
				COPY_PHASE_STRIP = YES;
				ENABLE_NS_ASSERTIONS = NO;
				ENABLE_STRICT_OBJC_MSGSEND = YES;
				GCC_C_LANGUAGE_STANDARD = gnu99;
				GCC_WARN_64_TO_32_BIT_CONVERSION = YES;
				GCC_WARN_ABOUT_RETURN_TYPE = YES_ERROR;
				GCC_WARN_UNDECLARED_SELECTOR = YES;
				GCC_WARN_UNINITIALIZED_AUTOS = YES_AGGRESSIVE;
				GCC_WARN_UNUSED_FUNCTION = YES;
				GCC_WARN_UNUSED_VARIABLE = YES;
				IPHONEOS_DEPLOYMENT_TARGET = 8.1;
				MTL_ENABLE_DEBUG_INFO = NO;
				SDKROOT = iphoneos;
				TARGETED_DEVICE_FAMILY = "1,2";
				VALIDATE_PRODUCT = YES;
			};
			name = Release;
		};
		679E77C01A0AB37C00B7B1BB /* Debug */ = {
			isa = XCBuildConfiguration;
			buildSettings = {
				ASSETCATALOG_COMPILER_APPICON_NAME = AppIcon;
				INFOPLIST_FILE = SwiftCommon/Info.plist;
				LD_RUNPATH_SEARCH_PATHS = "$(inherited) @executable_path/Frameworks";
				PRODUCT_NAME = "$(TARGET_NAME)";
			};
			name = Debug;
		};
		679E77C11A0AB37C00B7B1BB /* Release */ = {
			isa = XCBuildConfiguration;
			buildSettings = {
				ASSETCATALOG_COMPILER_APPICON_NAME = AppIcon;
				INFOPLIST_FILE = SwiftCommon/Info.plist;
				LD_RUNPATH_SEARCH_PATHS = "$(inherited) @executable_path/Frameworks";
				PRODUCT_NAME = "$(TARGET_NAME)";
			};
			name = Release;
		};
		679E77C31A0AB37C00B7B1BB /* Debug */ = {
			isa = XCBuildConfiguration;
			buildSettings = {
				BUNDLE_LOADER = "$(TEST_HOST)";
				FRAMEWORK_SEARCH_PATHS = (
					"$(SDKROOT)/Developer/Library/Frameworks",
					"$(inherited)",
				);
				GCC_PREPROCESSOR_DEFINITIONS = (
					"DEBUG=1",
					"$(inherited)",
				);
				INFOPLIST_FILE = SwiftCommonTests/Info.plist;
				LD_RUNPATH_SEARCH_PATHS = "$(inherited) @executable_path/Frameworks @loader_path/Frameworks";
				PRODUCT_NAME = "$(TARGET_NAME)";
				TEST_HOST = "$(BUILT_PRODUCTS_DIR)/SwiftCommon.app/SwiftCommon";
			};
			name = Debug;
		};
		679E77C41A0AB37C00B7B1BB /* Release */ = {
			isa = XCBuildConfiguration;
			buildSettings = {
				BUNDLE_LOADER = "$(TEST_HOST)";
				FRAMEWORK_SEARCH_PATHS = (
					"$(SDKROOT)/Developer/Library/Frameworks",
					"$(inherited)",
				);
				INFOPLIST_FILE = SwiftCommonTests/Info.plist;
				LD_RUNPATH_SEARCH_PATHS = "$(inherited) @executable_path/Frameworks @loader_path/Frameworks";
				PRODUCT_NAME = "$(TARGET_NAME)";
				TEST_HOST = "$(BUILT_PRODUCTS_DIR)/SwiftCommon.app/SwiftCommon";
			};
			name = Release;
		};
/* End XCBuildConfiguration section */

/* Begin XCConfigurationList section */
		679E77981A0AB37C00B7B1BB /* Build configuration list for PBXProject "SwiftCommon" */ = {
			isa = XCConfigurationList;
			buildConfigurations = (
				679E77BD1A0AB37C00B7B1BB /* Debug */,
				679E77BE1A0AB37C00B7B1BB /* Release */,
			);
			defaultConfigurationIsVisible = 0;
			defaultConfigurationName = Release;
		};
		679E77BF1A0AB37C00B7B1BB /* Build configuration list for PBXNativeTarget "SwiftCommon" */ = {
			isa = XCConfigurationList;
			buildConfigurations = (
				679E77C01A0AB37C00B7B1BB /* Debug */,
				679E77C11A0AB37C00B7B1BB /* Release */,
			);
			defaultConfigurationIsVisible = 0;
			defaultConfigurationName = Release;
		};
		679E77C21A0AB37C00B7B1BB /* Build configuration list for PBXNativeTarget "SwiftCommonTests" */ = {
			isa = XCConfigurationList;
			buildConfigurations = (
				679E77C31A0AB37C00B7B1BB /* Debug */,
				679E77C41A0AB37C00B7B1BB /* Release */,
			);
			defaultConfigurationIsVisible = 0;
			defaultConfigurationName = Release;
		};
/* End XCConfigurationList section */

/* Begin XCVersionGroup section */
		679E77A41A0AB37C00B7B1BB /* SwiftCommon.xcdatamodeld */ = {
			isa = XCVersionGroup;
			children = (
				679E77A51A0AB37C00B7B1BB /* SwiftCommon.xcdatamodel */,
			);
			currentVersion = 679E77A51A0AB37C00B7B1BB /* SwiftCommon.xcdatamodel */;
			path = SwiftCommon.xcdatamodeld;
			sourceTree = "<group>";
			versionGroupType = wrapper.xcdatamodel;
		};
/* End XCVersionGroup section */
	};
	rootObject = 679E77951A0AB37C00B7B1BB /* Project object */;
}
